{
  "lockfile_version": "1",
  "packages": {
    "git@2.47.1": {
      "last_modified": "2025-01-27T20:31:03Z",
      "resolved": "github:NixOS/nixpkgs/f898cbfddfab52593da301a397a17d0af801bbc3#git",
      "source": "devbox-search",
      "version": "2.47.1",
      "systems": {
        "aarch64-darwin": {
          "outputs": [
            {
              "name": "out",
              "path": "/nix/store/6jr29hgw3sa439df6bd4mh2c6rmpf68j-git-2.47.1",
              "default": true
            },
            {
              "name": "doc",
              "path": "/nix/store/j3w81894k2014nsl8c9k4fkb5zrjdjjn-git-2.47.1-doc"
            }
          ],
          "store_path": "/nix/store/6jr29hgw3sa439df6bd4mh2c6rmpf68j-git-2.47.1"
        },
        "aarch64-linux": {
          "outputs": [
            {
              "name": "out",
              "path": "/nix/store/l05864n3qnk0gp3cy8mijkk78p84xvdj-git-2.47.1",
              "default": true
            },
            {
              "name": "debug",
              "path": "/nix/store/s5gjjyjdmcw49z8ynqgc4r8r8fxxa71i-git-2.47.1-debug"
            },
            {
              "name": "doc",
              "path": "/nix/store/cxjbaw9xrzxx9m9dz9syydnjagwxvy5h-git-2.47.1-doc"
            }
          ],
          "store_path": "/nix/store/l05864n3qnk0gp3cy8mijkk78p84xvdj-git-2.47.1"
        },
        "x86_64-darwin": {
          "outputs": [
            {
              "name": "out",
              "path": "/nix/store/y9ilj7w794c9il2s04xx5ikg9kf7zmm4-git-2.47.1",
              "default": true
            },
            {
              "name": "doc",
              "path": "/nix/store/0pr5g6bf0vcmmcrb1hdi4s4m5dqzczpc-git-2.47.1-doc"
            }
          ],
          "store_path": "/nix/store/y9ilj7w794c9il2s04xx5ikg9kf7zmm4-git-2.47.1"
        },
        "x86_64-linux": {
          "outputs": [
            {
              "name": "out",
              "path": "/nix/store/7mln3k7mmvsnpgp47zr63w9d60pqba9n-git-2.47.1",
              "default": true
            },
            {
              "name": "debug",
              "path": "/nix/store/0yk2g1fyf6wnari6qjy0x5ljkg5lirci-git-2.47.1-debug"
            },
            {
              "name": "doc",
              "path": "/nix/store/4i5f6hdjmjn70m4qfvg8ymg9abhszlrp-git-2.47.1-doc"
            }
          ],
          "store_path": "/nix/store/7mln3k7mmvsnpgp47zr63w9d60pqba9n-git-2.47.1"
        }
      }
    }
  }
}
